<?xml version="1.0" encoding="utf-8"?>
<Project ToolsVersion="4.0" xmlns="http://schemas.microsoft.com/developer/msbuild/2003">
  <ItemGroup>
    <Filter Include="Source Files">
      <UniqueIdentifier>{4FC737F1-C7A5-4376-A066-2A32D752A2FF}</UniqueIdentifier>
      <Extensions>cpp;c;cc;cxx;def;odl;idl;hpj;bat;asm;asmx</Extensions>
    </Filter>
    <Filter Include="Header Files">
      <UniqueIdentifier>{93995380-89BD-4b04-88EB-625FBE52EBFB}</UniqueIdentifier>
      <Extensions>h;hh;hpp;hxx;hm;inl;inc;xsd</Extensions>
    </Filter>
    <Filter Include="Resource Files">
      <UniqueIdentifier>{67DA6AB6-F800-4c08-8B7A-83BB121AAD01}</UniqueIdentifier>
      <Extensions>rc;ico;cur;bmp;dlg;rc2;rct;bin;rgs;gif;jpg;jpeg;jpe;resx;tiff;tif;png;wav;mfcribbon-ms</Extensions>
    </Filter>
  </ItemGroup>
  <ItemGroup>
    <Text Include="ReadMe.txt" />
  </ItemGroup>
  <ItemGroup>
    <ClInclude Include="stdafx.h">
      <Filter>Header Files</Filter>
    </ClInclude>
    <ClInclude Include="targetver.h">
      <Filter>Header Files</Filter>
    </ClInclude>
    <ClInclude Include="Page_LuaTest.h">
      <Filter>Header Files</Filter>
    </ClInclude>
    <ClInclude Include="Page_Test.h">
      <Filter>Header Files</Filter>
    </ClInclude>
    <ClInclude Include="Page_UITest.h">
      <Filter>Header Files</Filter>
    </ClInclude>
    <ClInclude Include="Settings.h">
      <Filter>Header Files</Filter>
    </ClInclude>
    <ClInclude Include="Stage.h">
      <Filter>Header Files</Filter>
    </ClInclude>
    <ClInclude Include="DisplayObject.h">
      <Filter>Header Files</Filter>
    </ClInclude>
    <ClInclude Include="DisplayObjectContainer.h">
      <Filter>Header Files</Filter>
    </ClInclude>
    <ClInclude Include="Entity.h">
      <Filter>Header Files</Filter>
    </ClInclude>
    <ClInclude Include="Event.h">
      <Filter>Header Files</Filter>
    </ClInclude>
    <ClInclude Include="EventDispatcher.h">
      <Filter>Header Files</Filter>
    </ClInclude>
    <ClInclude Include="EventListener.h">
      <Filter>Header Files</Filter>
    </ClInclude>
    <ClInclude Include="GameWorld.h">
      <Filter>Header Files</Filter>
    </ClInclude>
    <ClInclude Include="GUI_Button.h">
      <Filter>Header Files</Filter>
    </ClInclude>
    <ClInclude Include="GUI_Sprite.h">
      <Filter>Header Files</Filter>
    </ClInclude>
    <ClInclude Include="Helper.h">
      <Filter>Header Files</Filter>
    </ClInclude>
    <ClInclude Include="Kernal.h">
      <Filter>Header Files</Filter>
    </ClInclude>
    <ClInclude Include="MouseEvent.h">
      <Filter>Header Files</Filter>
    </ClInclude>
    <ClInclude Include="Object.h">
      <Filter>Header Files</Filter>
    </ClInclude>
    <ClInclude Include="Page.h">
      <Filter>Header Files</Filter>
    </ClInclude>
    <ClInclude Include="Page_Default.h">
      <Filter>Header Files</Filter>
    </ClInclude>
    <ClInclude Include="Page_Editor.h">
      <Filter>Header Files</Filter>
    </ClInclude>
  </ItemGroup>
  <ItemGroup>
    <ClCompile Include="stdafx.cpp">
      <Filter>Source Files</Filter>
    </ClCompile>
    <ClCompile Include="Page_UITest.cpp">
      <Filter>Source Files</Filter>
    </ClCompile>
    <ClCompile Include="Stage.cpp">
      <Filter>Source Files</Filter>
    </ClCompile>
    <ClCompile Include="Vector2D.cpp">
      <Filter>Source Files</Filter>
    </ClCompile>
    <ClCompile Include="DisplayObject.cpp">
      <Filter>Source Files</Filter>
    </ClCompile>
    <ClCompile Include="DisplayObjectContainer.cpp">
      <Filter>Source Files</Filter>
    </ClCompile>
    <ClCompile Include="Entity.cpp">
      <Filter>Source Files</Filter>
    </ClCompile>
    <ClCompile Include="Event.cpp">
      <Filter>Source Files</Filter>
    </ClCompile>
    <ClCompile Include="EventDispatcher.cpp">
      <Filter>Source Files</Filter>
    </ClCompile>
    <ClCompile Include="EventListener.cpp">
      <Filter>Source Files</Filter>
    </ClCompile>
    <ClCompile Include="GameWorld.cpp">
      <Filter>Source Files</Filter>
    </ClCompile>
    <ClCompile Include="GUI_Button.cpp">
      <Filter>Source Files</Filter>
    </ClCompile>
    <ClCompile Include="GUI_Sprite.cpp">
      <Filter>Source Files</Filter>
    </ClCompile>
    <ClCompile Include="Kernal.cpp">
      <Filter>Source Files</Filter>
    </ClCompile>
    <ClCompile Include="MouseEvent.cpp">
      <Filter>Source Files</Filter>
    </ClCompile>
    <ClCompile Include="Object.cpp">
      <Filter>Source Files</Filter>
    </ClCompile>
    <ClCompile Include="Page.cpp">
      <Filter>Source Files</Filter>
    </ClCompile>
    <ClCompile Include="Page_Default.cpp">
      <Filter>Source Files</Filter>
    </ClCompile>
    <ClCompile Include="Page_Editor.cpp">
      <Filter>Source Files</Filter>
    </ClCompile>
    <ClCompile Include="Page_LuaTest.cpp">
      <Filter>Source Files</Filter>
    </ClCompile>
    <ClCompile Include="Page_Test.cpp">
      <Filter>Source Files</Filter>
    </ClCompile>
  </ItemGroup>
</Project>